
Microsoft Visual Studio Solution File, Format Version 12.00
# Visual Studio Version 17
VisualStudioVersion = 17.7.34031.279
MinimumVisualStudioVersion = 10.0.40219.1
Project("{FAE04EC0-301F-11D3-BF4B-00C04F79EFBC}") = "lb2", "lb2\lb2.csproj", "{95A9F1BA-9740-4156-8117-3A5231DCB462}"
EndProject
Global
	GlobalSection(SolutionConfigurationPlatforms) = preSolution
		Debug|Any CPU = Debug|Any CPU
		Release|Any CPU = Release|Any CPU
	EndGlobalSection
	GlobalSection(ProjectConfigurationPlatforms) = postSolution
		{95A9F1BA-9740-4156-8117-3A5231DCB462}.Debug|Any CPU.ActiveCfg = Debug|Any CPU
		{95A9F1BA-9740-4156-8117-3A5231DCB462}.Debug|Any CPU.Build.0 = Debug|Any CPU
		{95A9F1BA-9740-4156-8117-3A5231DCB462}.Release|Any CPU.ActiveCfg = Release|Any CPU
		{95A9F1BA-9740-4156-8117-3A5231DCB462}.Release|Any CPU.Build.0 = Release|Any CPU
	EndGlobalSection
	GlobalSection(SolutionProperties) = preSolution
		HideSolutionNode = FALSE
	EndGlobalSection
	GlobalSection(ExtensibilityGlobals) = postSolution
		SolutionGuid = {BAE03D42-3DB4-4FF8-99FB-A502B7D5C6A0}
	EndGlobalSection
EndGlobal
